
Microsoft Visual Studio Solution File, Format Version 12.00
# Visual Studio Version 16
VisualStudioVersion = 16.0.30002.166
MinimumVisualStudioVersion = 10.0.40219.1
Project("{FAE04EC0-301F-11D3-BF4B-00C04F79EFBC}") = "Deploy", "Deploy.csproj", "{EB092285-6046-4595-94D9-47D4293DAA90}"
EndProject
Global
	GlobalSection(SolutionConfigurationPlatforms) = preSolution
		Debug|Any CPU = Debug|Any CPU
		Release|Any CPU = Release|Any CPU
	EndGlobalSection
	GlobalSection(ProjectConfigurationPlatforms) = postSolution
		{EB092285-6046-4595-94D9-47D4293DAA90}.Debug|Any CPU.ActiveCfg = Debug|Any CPU
		{EB092285-6046-4595-94D9-47D4293DAA90}.Debug|Any CPU.Build.0 = Debug|Any CPU
		{EB092285-6046-4595-94D9-47D4293DAA90}.Release|Any CPU.ActiveCfg = Release|Any CPU
		{EB092285-6046-4595-94D9-47D4293DAA90}.Release|Any CPU.Build.0 = Release|Any CPU
	EndGlobalSection
	GlobalSection(SolutionProperties) = preSolution
		HideSolutionNode = FALSE
	EndGlobalSection
	GlobalSection(ExtensibilityGlobals) = postSolution
		SolutionGuid = {652D9A93-B247-4D0C-A446-311E1CEE887F}
	EndGlobalSection
EndGlobal
